
Microsoft Visual Studio Solution File, Format Version 12.00
# Visual Studio 2010
Project("{FAE04EC0-301F-11D3-BF4B-00C04F79EFBC}") = "Cliente", "Cliente\Cliente.csproj", "{7B35579C-FD29-4A49-A731-FAD371992070}"
EndProject
Project("{FAE04EC0-301F-11D3-BF4B-00C04F79EFBC}") = "Servidor", "Servidor\Servidor.csproj", "{993FBBFC-A2E5-4259-A9D3-2ACE74ED9B35}"
EndProject
Project("{FAE04EC0-301F-11D3-BF4B-00C04F79EFBC}") = "Compartir", "Compartir\Compartir.csproj", "{F82FFC13-A59B-44E4-A078-EB38D099E835}"
EndProject
Project("{FAE04EC0-301F-11D3-BF4B-00C04F79EFBC}") = "SecondClient", "SecondClient\SecondClient.csproj", "{D407CB41-EE53-468D-B127-9DFF3A600300}"
EndProject
Project("{FAE04EC0-301F-11D3-BF4B-00C04F79EFBC}") = "LogWinService", "LogWinService\LogWinService.csproj", "{B6219C15-47AE-43D0-AAC8-4B525E228EF7}"
EndProject
Project("{FAE04EC0-301F-11D3-BF4B-00C04F79EFBC}") = "LogWebApp", "LogWebApp\LogWebApp.csproj", "{70D946BB-23BA-445D-8CFF-EA37A3713492}"
EndProject
Global
	GlobalSection(SolutionConfigurationPlatforms) = preSolution
		Debug|Any CPU = Debug|Any CPU
		Debug|Mixed Platforms = Debug|Mixed Platforms
		Debug|x86 = Debug|x86
		Release|Any CPU = Release|Any CPU
		Release|Mixed Platforms = Release|Mixed Platforms
		Release|x86 = Release|x86
	EndGlobalSection
	GlobalSection(ProjectConfigurationPlatforms) = postSolution
		{7B35579C-FD29-4A49-A731-FAD371992070}.Debug|Any CPU.ActiveCfg = Debug|Any CPU
		{7B35579C-FD29-4A49-A731-FAD371992070}.Debug|Any CPU.Build.0 = Debug|Any CPU
		{7B35579C-FD29-4A49-A731-FAD371992070}.Debug|Mixed Platforms.ActiveCfg = Debug|Any CPU
		{7B35579C-FD29-4A49-A731-FAD371992070}.Debug|Mixed Platforms.Build.0 = Debug|Any CPU
		{7B35579C-FD29-4A49-A731-FAD371992070}.Debug|x86.ActiveCfg = Debug|Any CPU
		{7B35579C-FD29-4A49-A731-FAD371992070}.Release|Any CPU.ActiveCfg = Release|Any CPU
		{7B35579C-FD29-4A49-A731-FAD371992070}.Release|Any CPU.Build.0 = Release|Any CPU
		{7B35579C-FD29-4A49-A731-FAD371992070}.Release|Mixed Platforms.ActiveCfg = Release|Any CPU
		{7B35579C-FD29-4A49-A731-FAD371992070}.Release|Mixed Platforms.Build.0 = Release|Any CPU
		{7B35579C-FD29-4A49-A731-FAD371992070}.Release|x86.ActiveCfg = Release|Any CPU
		{993FBBFC-A2E5-4259-A9D3-2ACE74ED9B35}.Debug|Any CPU.ActiveCfg = Debug|Any CPU
		{993FBBFC-A2E5-4259-A9D3-2ACE74ED9B35}.Debug|Any CPU.Build.0 = Debug|Any CPU
		{993FBBFC-A2E5-4259-A9D3-2ACE74ED9B35}.Debug|Mixed Platforms.ActiveCfg = Debug|Any CPU
		{993FBBFC-A2E5-4259-A9D3-2ACE74ED9B35}.Debug|Mixed Platforms.Build.0 = Debug|Any CPU
		{993FBBFC-A2E5-4259-A9D3-2ACE74ED9B35}.Debug|x86.ActiveCfg = Debug|Any CPU
		{993FBBFC-A2E5-4259-A9D3-2ACE74ED9B35}.Release|Any CPU.ActiveCfg = Release|Any CPU
		{993FBBFC-A2E5-4259-A9D3-2ACE74ED9B35}.Release|Any CPU.Build.0 = Release|Any CPU
		{993FBBFC-A2E5-4259-A9D3-2ACE74ED9B35}.Release|Mixed Platforms.ActiveCfg = Release|Any CPU
		{993FBBFC-A2E5-4259-A9D3-2ACE74ED9B35}.Release|Mixed Platforms.Build.0 = Release|Any CPU
		{993FBBFC-A2E5-4259-A9D3-2ACE74ED9B35}.Release|x86.ActiveCfg = Release|Any CPU
		{F82FFC13-A59B-44E4-A078-EB38D099E835}.Debug|Any CPU.ActiveCfg = Debug|Any CPU
		{F82FFC13-A59B-44E4-A078-EB38D099E835}.Debug|Any CPU.Build.0 = Debug|Any CPU
		{F82FFC13-A59B-44E4-A078-EB38D099E835}.Debug|Mixed Platforms.ActiveCfg = Debug|Any CPU
		{F82FFC13-A59B-44E4-A078-EB38D099E835}.Debug|Mixed Platforms.Build.0 = Debug|Any CPU
		{F82FFC13-A59B-44E4-A078-EB38D099E835}.Debug|x86.ActiveCfg = Debug|Any CPU
		{F82FFC13-A59B-44E4-A078-EB38D099E835}.Release|Any CPU.ActiveCfg = Release|Any CPU
		{F82FFC13-A59B-44E4-A078-EB38D099E835}.Release|Any CPU.Build.0 = Release|Any CPU
		{F82FFC13-A59B-44E4-A078-EB38D099E835}.Release|Mixed Platforms.ActiveCfg = Release|Any CPU
		{F82FFC13-A59B-44E4-A078-EB38D099E835}.Release|Mixed Platforms.Build.0 = Release|Any CPU
		{F82FFC13-A59B-44E4-A078-EB38D099E835}.Release|x86.ActiveCfg = Release|Any CPU
		{D407CB41-EE53-468D-B127-9DFF3A600300}.Debug|Any CPU.ActiveCfg = Debug|Any CPU
		{D407CB41-EE53-468D-B127-9DFF3A600300}.Debug|Any CPU.Build.0 = Debug|Any CPU
		{D407CB41-EE53-468D-B127-9DFF3A600300}.Debug|Mixed Platforms.ActiveCfg = Debug|Any CPU
		{D407CB41-EE53-468D-B127-9DFF3A600300}.Debug|Mixed Platforms.Build.0 = Debug|Any CPU
		{D407CB41-EE53-468D-B127-9DFF3A600300}.Debug|x86.ActiveCfg = Debug|Any CPU
		{D407CB41-EE53-468D-B127-9DFF3A600300}.Release|Any CPU.ActiveCfg = Release|Any CPU
		{D407CB41-EE53-468D-B127-9DFF3A600300}.Release|Any CPU.Build.0 = Release|Any CPU
		{D407CB41-EE53-468D-B127-9DFF3A600300}.Release|Mixed Platforms.ActiveCfg = Release|Any CPU
		{D407CB41-EE53-468D-B127-9DFF3A600300}.Release|Mixed Platforms.Build.0 = Release|Any CPU
		{D407CB41-EE53-468D-B127-9DFF3A600300}.Release|x86.ActiveCfg = Release|Any CPU
		{B6219C15-47AE-43D0-AAC8-4B525E228EF7}.Debug|Any CPU.ActiveCfg = Debug|x86
		{B6219C15-47AE-43D0-AAC8-4B525E228EF7}.Debug|Mixed Platforms.ActiveCfg = Debug|x86
		{B6219C15-47AE-43D0-AAC8-4B525E228EF7}.Debug|Mixed Platforms.Build.0 = Debug|x86
		{B6219C15-47AE-43D0-AAC8-4B525E228EF7}.Debug|x86.ActiveCfg = Debug|x86
		{B6219C15-47AE-43D0-AAC8-4B525E228EF7}.Debug|x86.Build.0 = Debug|x86
		{B6219C15-47AE-43D0-AAC8-4B525E228EF7}.Release|Any CPU.ActiveCfg = Release|x86
		{B6219C15-47AE-43D0-AAC8-4B525E228EF7}.Release|Mixed Platforms.ActiveCfg = Release|x86
		{B6219C15-47AE-43D0-AAC8-4B525E228EF7}.Release|Mixed Platforms.Build.0 = Release|x86
		{B6219C15-47AE-43D0-AAC8-4B525E228EF7}.Release|x86.ActiveCfg = Release|x86
		{B6219C15-47AE-43D0-AAC8-4B525E228EF7}.Release|x86.Build.0 = Release|x86
		{70D946BB-23BA-445D-8CFF-EA37A3713492}.Debug|Any CPU.ActiveCfg = Debug|Any CPU
		{70D946BB-23BA-445D-8CFF-EA37A3713492}.Debug|Any CPU.Build.0 = Debug|Any CPU
		{70D946BB-23BA-445D-8CFF-EA37A3713492}.Debug|Mixed Platforms.ActiveCfg = Debug|Any CPU
		{70D946BB-23BA-445D-8CFF-EA37A3713492}.Debug|Mixed Platforms.Build.0 = Debug|Any CPU
		{70D946BB-23BA-445D-8CFF-EA37A3713492}.Debug|x86.ActiveCfg = Debug|Any CPU
		{70D946BB-23BA-445D-8CFF-EA37A3713492}.Release|Any CPU.ActiveCfg = Release|Any CPU
		{70D946BB-23BA-445D-8CFF-EA37A3713492}.Release|Any CPU.Build.0 = Release|Any CPU
		{70D946BB-23BA-445D-8CFF-EA37A3713492}.Release|Mixed Platforms.ActiveCfg = Release|Any CPU
		{70D946BB-23BA-445D-8CFF-EA37A3713492}.Release|Mixed Platforms.Build.0 = Release|Any CPU
		{70D946BB-23BA-445D-8CFF-EA37A3713492}.Release|x86.ActiveCfg = Release|Any CPU
	EndGlobalSection
	GlobalSection(SolutionProperties) = preSolution
		HideSolutionNode = FALSE
	EndGlobalSection
EndGlobal
